
Microsoft Visual Studio Solution File, Format Version 12.00
# Visual Studio 2015
Project("{FAE04EC0-301F-11D3-BF4B-00C04F79EFBC}") = "Versie 0.1.3.CSharp", "Versie 0.1.3.CSharp.csproj", "{D081579A-F1D8-43BE-E5B1-0E3210CA1F4F}"
EndProject
Global
	GlobalSection(SolutionConfigurationPlatforms) = preSolution
		Debug|Any CPU = Debug|Any CPU
		Release|Any CPU = Release|Any CPU
	EndGlobalSection
	GlobalSection(ProjectConfigurationPlatforms) = postSolution
		{D081579A-F1D8-43BE-E5B1-0E3210CA1F4F}.Debug|Any CPU.ActiveCfg = Debug|Any CPU
		{D081579A-F1D8-43BE-E5B1-0E3210CA1F4F}.Debug|Any CPU.Build.0 = Debug|Any CPU
		{D081579A-F1D8-43BE-E5B1-0E3210CA1F4F}.Release|Any CPU.ActiveCfg = Release|Any CPU
		{D081579A-F1D8-43BE-E5B1-0E3210CA1F4F}.Release|Any CPU.Build.0 = Release|Any CPU
	EndGlobalSection
	GlobalSection(SolutionProperties) = preSolution
		HideSolutionNode = FALSE
	EndGlobalSection
EndGlobal
